
Microsoft Visual Studio Solution File, Format Version 12.00
# Visual Studio Version 17
VisualStudioVersion = 17.6.33801.468
MinimumVisualStudioVersion = 10.0.40219.1
Project("{8BC9CEB8-8B4A-11D0-8D11-00A0C91BC942}") = "newcppraycast", "newcppraycast\newcppraycast.vcxproj", "{BA2A8C7B-F0B8-4314-951F-5E9DC56C06FB}"
EndProject
Global
	GlobalSection(SolutionConfigurationPlatforms) = preSolution
		Debug|x64 = Debug|x64
		Debug|x86 = Debug|x86
		Release|x64 = Release|x64
		Release|x86 = Release|x86
	EndGlobalSection
	GlobalSection(ProjectConfigurationPlatforms) = postSolution
		{BA2A8C7B-F0B8-4314-951F-5E9DC56C06FB}.Debug|x64.ActiveCfg = Debug|x64
		{BA2A8C7B-F0B8-4314-951F-5E9DC56C06FB}.Debug|x64.Build.0 = Debug|x64
		{BA2A8C7B-F0B8-4314-951F-5E9DC56C06FB}.Debug|x86.ActiveCfg = Debug|Win32
		{BA2A8C7B-F0B8-4314-951F-5E9DC56C06FB}.Debug|x86.Build.0 = Debug|Win32
		{BA2A8C7B-F0B8-4314-951F-5E9DC56C06FB}.Release|x64.ActiveCfg = Release|x64
		{BA2A8C7B-F0B8-4314-951F-5E9DC56C06FB}.Release|x64.Build.0 = Release|x64
		{BA2A8C7B-F0B8-4314-951F-5E9DC56C06FB}.Release|x86.ActiveCfg = Release|Win32
		{BA2A8C7B-F0B8-4314-951F-5E9DC56C06FB}.Release|x86.Build.0 = Release|Win32
	EndGlobalSection
	GlobalSection(SolutionProperties) = preSolution
		HideSolutionNode = FALSE
	EndGlobalSection
	GlobalSection(ExtensibilityGlobals) = postSolution
		SolutionGuid = {60C5BAD3-D051-4D83-B840-6A4604C478B0}
	EndGlobalSection
EndGlobal
